
Microsoft Visual Studio Solution File, Format Version 12.00
# Visual Studio 15
Project("{FAE04EC0-301F-11D3-BF4B-00C04F79EFBC}") = "Assembly-CSharp", "Assembly-CSharp.csproj", "{0B46850C-F09F-D2B2-0979-2B5AF62AEBB6}"
EndProject
Project("{FAE04EC0-301F-11D3-BF4B-00C04F79EFBC}") = "FMODUnity", "FMODUnity.csproj", "{68EE201F-3B83-418C-1FC6-574D46436954}"
EndProject
Project("{FAE04EC0-301F-11D3-BF4B-00C04F79EFBC}") = "Ink-Libraries", "Ink-Libraries.csproj", "{F6120A18-AACD-7696-6A5A-7F2A3B6F6CF7}"
EndProject
Project("{FAE04EC0-301F-11D3-BF4B-00C04F79EFBC}") = "FMODUnityEditor", "FMODUnityEditor.csproj", "{E91EFFE6-F252-48DC-5800-7F959B2C6C98}"
EndProject
Project("{FAE04EC0-301F-11D3-BF4B-00C04F79EFBC}") = "InkEditor", "InkEditor.csproj", "{DD74EB1F-2ECD-F211-F5E6-B673305F3D76}"
EndProject
Project("{FAE04EC0-301F-11D3-BF4B-00C04F79EFBC}") = "Assembly-CSharp-Editor", "Assembly-CSharp-Editor.csproj", "{FFC47A4F-4A58-8E9F-518B-7E405BB9A65A}"
EndProject
Project("{FAE04EC0-301F-11D3-BF4B-00C04F79EFBC}") = "FMODUnityResonanceEditor", "FMODUnityResonanceEditor.csproj", "{1CB244B5-9B17-C863-1325-BB3960A245F9}"
EndProject
Project("{FAE04EC0-301F-11D3-BF4B-00C04F79EFBC}") = "FMODUnityResonance", "FMODUnityResonance.csproj", "{BD5D5C86-BC5C-7939-874C-C626EB073513}"
EndProject
Global
	GlobalSection(SolutionConfigurationPlatforms) = preSolution
		Debug|Any CPU = Debug|Any CPU
		Release|Any CPU = Release|Any CPU
	EndGlobalSection
	GlobalSection(ProjectConfigurationPlatforms) = postSolution
		{0B46850C-F09F-D2B2-0979-2B5AF62AEBB6}.Debug|Any CPU.ActiveCfg = Debug|Any CPU
		{0B46850C-F09F-D2B2-0979-2B5AF62AEBB6}.Debug|Any CPU.Build.0 = Debug|Any CPU
		{0B46850C-F09F-D2B2-0979-2B5AF62AEBB6}.Release|Any CPU.ActiveCfg = Release|Any CPU
		{0B46850C-F09F-D2B2-0979-2B5AF62AEBB6}.Release|Any CPU.Build.0 = Release|Any CPU
		{68EE201F-3B83-418C-1FC6-574D46436954}.Debug|Any CPU.ActiveCfg = Debug|Any CPU
		{68EE201F-3B83-418C-1FC6-574D46436954}.Debug|Any CPU.Build.0 = Debug|Any CPU
		{68EE201F-3B83-418C-1FC6-574D46436954}.Release|Any CPU.ActiveCfg = Release|Any CPU
		{68EE201F-3B83-418C-1FC6-574D46436954}.Release|Any CPU.Build.0 = Release|Any CPU
		{F6120A18-AACD-7696-6A5A-7F2A3B6F6CF7}.Debug|Any CPU.ActiveCfg = Debug|Any CPU
		{F6120A18-AACD-7696-6A5A-7F2A3B6F6CF7}.Debug|Any CPU.Build.0 = Debug|Any CPU
		{F6120A18-AACD-7696-6A5A-7F2A3B6F6CF7}.Release|Any CPU.ActiveCfg = Release|Any CPU
		{F6120A18-AACD-7696-6A5A-7F2A3B6F6CF7}.Release|Any CPU.Build.0 = Release|Any CPU
		{E91EFFE6-F252-48DC-5800-7F959B2C6C98}.Debug|Any CPU.ActiveCfg = Debug|Any CPU
		{E91EFFE6-F252-48DC-5800-7F959B2C6C98}.Debug|Any CPU.Build.0 = Debug|Any CPU
		{E91EFFE6-F252-48DC-5800-7F959B2C6C98}.Release|Any CPU.ActiveCfg = Release|Any CPU
		{E91EFFE6-F252-48DC-5800-7F959B2C6C98}.Release|Any CPU.Build.0 = Release|Any CPU
		{DD74EB1F-2ECD-F211-F5E6-B673305F3D76}.Debug|Any CPU.ActiveCfg = Debug|Any CPU
		{DD74EB1F-2ECD-F211-F5E6-B673305F3D76}.Debug|Any CPU.Build.0 = Debug|Any CPU
		{DD74EB1F-2ECD-F211-F5E6-B673305F3D76}.Release|Any CPU.ActiveCfg = Release|Any CPU
		{DD74EB1F-2ECD-F211-F5E6-B673305F3D76}.Release|Any CPU.Build.0 = Release|Any CPU
		{FFC47A4F-4A58-8E9F-518B-7E405BB9A65A}.Debug|Any CPU.ActiveCfg = Debug|Any CPU
		{FFC47A4F-4A58-8E9F-518B-7E405BB9A65A}.Debug|Any CPU.Build.0 = Debug|Any CPU
		{FFC47A4F-4A58-8E9F-518B-7E405BB9A65A}.Release|Any CPU.ActiveCfg = Release|Any CPU
		{FFC47A4F-4A58-8E9F-518B-7E405BB9A65A}.Release|Any CPU.Build.0 = Release|Any CPU
		{1CB244B5-9B17-C863-1325-BB3960A245F9}.Debug|Any CPU.ActiveCfg = Debug|Any CPU
		{1CB244B5-9B17-C863-1325-BB3960A245F9}.Debug|Any CPU.Build.0 = Debug|Any CPU
		{1CB244B5-9B17-C863-1325-BB3960A245F9}.Release|Any CPU.ActiveCfg = Release|Any CPU
		{1CB244B5-9B17-C863-1325-BB3960A245F9}.Release|Any CPU.Build.0 = Release|Any CPU
		{BD5D5C86-BC5C-7939-874C-C626EB073513}.Debug|Any CPU.ActiveCfg = Debug|Any CPU
		{BD5D5C86-BC5C-7939-874C-C626EB073513}.Debug|Any CPU.Build.0 = Debug|Any CPU
		{BD5D5C86-BC5C-7939-874C-C626EB073513}.Release|Any CPU.ActiveCfg = Release|Any CPU
		{BD5D5C86-BC5C-7939-874C-C626EB073513}.Release|Any CPU.Build.0 = Release|Any CPU
	EndGlobalSection
	GlobalSection(SolutionProperties) = preSolution
		HideSolutionNode = FALSE
	EndGlobalSection
EndGlobal
